
Microsoft Visual Studio Solution File, Format Version 12.00
# Visual Studio Version 17
VisualStudioVersion = 17.9.34622.214
MinimumVisualStudioVersion = 10.0.40219.1
Project("{FAE04EC0-301F-11D3-BF4B-00C04F79EFBC}") = "RedditAPI", "RedditAPI.csproj", "{F6C86A5D-23D9-4667-84BA-82AE7DADB66C}"
EndProject
Global
	GlobalSection(SolutionConfigurationPlatforms) = preSolution
		Debug|Any CPU = Debug|Any CPU
		Release|Any CPU = Release|Any CPU
	EndGlobalSection
	GlobalSection(ProjectConfigurationPlatforms) = postSolution
		{F6C86A5D-23D9-4667-84BA-82AE7DADB66C}.Debug|Any CPU.ActiveCfg = Debug|Any CPU
		{F6C86A5D-23D9-4667-84BA-82AE7DADB66C}.Debug|Any CPU.Build.0 = Debug|Any CPU
		{F6C86A5D-23D9-4667-84BA-82AE7DADB66C}.Release|Any CPU.ActiveCfg = Release|Any CPU
		{F6C86A5D-23D9-4667-84BA-82AE7DADB66C}.Release|Any CPU.Build.0 = Release|Any CPU
	EndGlobalSection
	GlobalSection(SolutionProperties) = preSolution
		HideSolutionNode = FALSE
	EndGlobalSection
	GlobalSection(ExtensibilityGlobals) = postSolution
		SolutionGuid = {7780976B-02F6-4D76-85BE-E06AB05248AB}
	EndGlobalSection
EndGlobal
